{
  "name": "string",
  "version": "0.0.4",
  "lockfileVersion": 1,
  "requires": true,
  "dependencies": {
    "@js-random/number": {
      "version": "0.0.3",
      "resolved": "https://registry.npmjs.org/@js-random/number/-/number-0.0.3.tgz",
      "integrity": "sha512-pxdy/fm/6oJrclAn69dyCMNO5GmdmHdfJIBNMiCW3628s3ujoud6Vn/9/05iLrc04tnQ5dw+157/3CUxoxukEg=="
    }
  }
}
