{
  "name": "all",
  "version": "0.0.6",
  "lockfileVersion": 1,
  "requires": true,
  "dependencies": {
    "@js-random/boolean": {
      "version": "0.0.6",
      "resolved": "https://registry.npmjs.org/@js-random/boolean/-/boolean-0.0.6.tgz",
      "integrity": "sha512-hZNv6gZn5002Bgsy54aUY89kb2VB9/SwvLcaILQmgzZ1ex9o1uDuch1DaXu3CoZ56urANatDl2FUQaG3tRenBw=="
    },
    "@js-random/date": {
      "version": "0.0.6",
      "resolved": "https://registry.npmjs.org/@js-random/date/-/date-0.0.6.tgz",
      "integrity": "sha512-RaXcHnZFyF+MYpivAujXWtE95ERIGfwsXFePHaLYWQJdMgSWyLy6CQ6ba8Y2OsZ0UyNjl4+v20z6oSWwu5NvdA==",
      "requires": {
        "@js-random/number": "^0.0.6"
      }
    },
    "@js-random/number": {
      "version": "0.0.6",
      "resolved": "https://registry.npmjs.org/@js-random/number/-/number-0.0.6.tgz",
      "integrity": "sha512-rUyc11qrarRO9PdT7Ee4bOBo+PWrlJ1r7CjIHVFaSLEMCMEw/UpbVZ1k4UF96OYvFqrC+AQMbreaTZv6YAYmQA=="
    },
    "@js-random/string": {
      "version": "0.0.6",
      "resolved": "https://registry.npmjs.org/@js-random/string/-/string-0.0.6.tgz",
      "integrity": "sha512-XN92zPPXZs7qAUNIVt4epf6WuDAEgQ+VeikAlgDk50ht6VrRGfpZ9ehFeYMZyptYfEe/3rOqrZEzTAK6jkDkYA==",
      "requires": {
        "@js-random/number": "^0.0.6"
      }
    }
  }
}
